
Microsoft Visual Studio Solution File, Format Version 12.00
# Visual Studio Version 16
VisualStudioVersion = 16.0.31624.102
MinimumVisualStudioVersion = 10.0.40219.1
Project("{FAE04EC0-301F-11D3-BF4B-00C04F79EFBC}") = "TareaArchivos", "TareaArchivos\TareaArchivos.csproj", "{C13FB4E3-BC80-4031-9486-99BBEFF01C62}"
EndProject
Global
	GlobalSection(SolutionConfigurationPlatforms) = preSolution
		Debug|Any CPU = Debug|Any CPU
		Release|Any CPU = Release|Any CPU
	EndGlobalSection
	GlobalSection(ProjectConfigurationPlatforms) = postSolution
		{C13FB4E3-BC80-4031-9486-99BBEFF01C62}.Debug|Any CPU.ActiveCfg = Debug|Any CPU
		{C13FB4E3-BC80-4031-9486-99BBEFF01C62}.Debug|Any CPU.Build.0 = Debug|Any CPU
		{C13FB4E3-BC80-4031-9486-99BBEFF01C62}.Release|Any CPU.ActiveCfg = Release|Any CPU
		{C13FB4E3-BC80-4031-9486-99BBEFF01C62}.Release|Any CPU.Build.0 = Release|Any CPU
	EndGlobalSection
	GlobalSection(SolutionProperties) = preSolution
		HideSolutionNode = FALSE
	EndGlobalSection
	GlobalSection(ExtensibilityGlobals) = postSolution
		SolutionGuid = {92BCC6DC-2B07-4283-82B6-2A0FCEBD9683}
	EndGlobalSection
EndGlobal
