
Microsoft Visual Studio Solution File, Format Version 12.00
# Visual Studio Version 16
VisualStudioVersion = 16.0.31624.102
MinimumVisualStudioVersion = 10.0.40219.1
Project("{FAE04EC0-301F-11D3-BF4B-00C04F79EFBC}") = "EscrituraArchivos", "EscrituraArchivos\EscrituraArchivos.csproj", "{2294D85C-88A1-49CA-AE04-DEE1640AAE92}"
EndProject
Global
	GlobalSection(SolutionConfigurationPlatforms) = preSolution
		Debug|Any CPU = Debug|Any CPU
		Release|Any CPU = Release|Any CPU
	EndGlobalSection
	GlobalSection(ProjectConfigurationPlatforms) = postSolution
		{2294D85C-88A1-49CA-AE04-DEE1640AAE92}.Debug|Any CPU.ActiveCfg = Debug|Any CPU
		{2294D85C-88A1-49CA-AE04-DEE1640AAE92}.Debug|Any CPU.Build.0 = Debug|Any CPU
		{2294D85C-88A1-49CA-AE04-DEE1640AAE92}.Release|Any CPU.ActiveCfg = Release|Any CPU
		{2294D85C-88A1-49CA-AE04-DEE1640AAE92}.Release|Any CPU.Build.0 = Release|Any CPU
	EndGlobalSection
	GlobalSection(SolutionProperties) = preSolution
		HideSolutionNode = FALSE
	EndGlobalSection
	GlobalSection(ExtensibilityGlobals) = postSolution
		SolutionGuid = {4625861A-0C36-4E3E-B3CA-954AC2C129E9}
	EndGlobalSection
EndGlobal
